
Microsoft Visual Studio Solution File, Format Version 12.00
# Visual Studio Version 17
VisualStudioVersion = 17.0.31903.59
MinimumVisualStudioVersion = 10.0.40219.1
Project("{FAE04EC0-301F-11D3-BF4B-00C04F79EFBC}") = "CellShell", "CellShell.csproj", "{421B5226-32D5-4B03-AD5B-1CE143217F01}"
EndProject
Project("{2150E333-8FDC-42A3-9474-1A3956D46DE8}") = "Tests", "Tests", "{0AB3BF05-4346-4AA6-1389-037BE0695223}"
EndProject
Project("{FAE04EC0-301F-11D3-BF4B-00C04F79EFBC}") = "CellShell.Tests", "Tests\CellShell.Tests.csproj", "{26638612-7D95-4EE6-B0FB-E71814C4910B}"
EndProject
Project("{FAE04EC0-301F-11D3-BF4B-00C04F79EFBC}") = "CellShell.PerfTest", "Tests\CellShell.PerfTest\CellShell.PerfTest.csproj", "{8A3C4F2E-B1D7-4E5F-9C6A-2D8E7F1B3A4C}"
EndProject
Global
	GlobalSection(SolutionConfigurationPlatforms) = preSolution
		Debug|Any CPU = Debug|Any CPU
		Debug|x64 = Debug|x64
		Debug|x86 = Debug|x86
		Release|Any CPU = Release|Any CPU
		Release|x64 = Release|x64
		Release|x86 = Release|x86
	EndGlobalSection
	GlobalSection(ProjectConfigurationPlatforms) = postSolution
		{421B5226-32D5-4B03-AD5B-1CE143217F01}.Debug|Any CPU.ActiveCfg = Debug|Any CPU
		{421B5226-32D5-4B03-AD5B-1CE143217F01}.Debug|Any CPU.Build.0 = Debug|Any CPU
		{421B5226-32D5-4B03-AD5B-1CE143217F01}.Debug|x64.ActiveCfg = Debug|Any CPU
		{421B5226-32D5-4B03-AD5B-1CE143217F01}.Debug|x64.Build.0 = Debug|Any CPU
		{421B5226-32D5-4B03-AD5B-1CE143217F01}.Debug|x86.ActiveCfg = Debug|Any CPU
		{421B5226-32D5-4B03-AD5B-1CE143217F01}.Debug|x86.Build.0 = Debug|Any CPU
		{421B5226-32D5-4B03-AD5B-1CE143217F01}.Release|Any CPU.ActiveCfg = Release|Any CPU
		{421B5226-32D5-4B03-AD5B-1CE143217F01}.Release|Any CPU.Build.0 = Release|Any CPU
		{421B5226-32D5-4B03-AD5B-1CE143217F01}.Release|x64.ActiveCfg = Release|Any CPU
		{421B5226-32D5-4B03-AD5B-1CE143217F01}.Release|x64.Build.0 = Release|Any CPU
		{421B5226-32D5-4B03-AD5B-1CE143217F01}.Release|x86.ActiveCfg = Release|Any CPU
		{421B5226-32D5-4B03-AD5B-1CE143217F01}.Release|x86.Build.0 = Release|Any CPU
		{26638612-7D95-4EE6-B0FB-E71814C4910B}.Debug|Any CPU.ActiveCfg = Debug|Any CPU
		{26638612-7D95-4EE6-B0FB-E71814C4910B}.Debug|Any CPU.Build.0 = Debug|Any CPU
		{26638612-7D95-4EE6-B0FB-E71814C4910B}.Debug|x64.ActiveCfg = Debug|Any CPU
		{26638612-7D95-4EE6-B0FB-E71814C4910B}.Debug|x64.Build.0 = Debug|Any CPU
		{26638612-7D95-4EE6-B0FB-E71814C4910B}.Debug|x86.ActiveCfg = Debug|Any CPU
		{26638612-7D95-4EE6-B0FB-E71814C4910B}.Debug|x86.Build.0 = Debug|Any CPU
		{26638612-7D95-4EE6-B0FB-E71814C4910B}.Release|Any CPU.ActiveCfg = Release|Any CPU
		{26638612-7D95-4EE6-B0FB-E71814C4910B}.Release|Any CPU.Build.0 = Release|Any CPU
		{26638612-7D95-4EE6-B0FB-E71814C4910B}.Release|x64.ActiveCfg = Release|Any CPU
		{26638612-7D95-4EE6-B0FB-E71814C4910B}.Release|x64.Build.0 = Release|Any CPU
		{26638612-7D95-4EE6-B0FB-E71814C4910B}.Release|x86.ActiveCfg = Release|Any CPU
		{26638612-7D95-4EE6-B0FB-E71814C4910B}.Release|x86.Build.0 = Release|Any CPU
		{8A3C4F2E-B1D7-4E5F-9C6A-2D8E7F1B3A4C}.Debug|Any CPU.ActiveCfg = Debug|Any CPU
		{8A3C4F2E-B1D7-4E5F-9C6A-2D8E7F1B3A4C}.Debug|Any CPU.Build.0 = Debug|Any CPU
		{8A3C4F2E-B1D7-4E5F-9C6A-2D8E7F1B3A4C}.Debug|x64.ActiveCfg = Debug|Any CPU
		{8A3C4F2E-B1D7-4E5F-9C6A-2D8E7F1B3A4C}.Debug|x64.Build.0 = Debug|Any CPU
		{8A3C4F2E-B1D7-4E5F-9C6A-2D8E7F1B3A4C}.Debug|x86.ActiveCfg = Debug|Any CPU
		{8A3C4F2E-B1D7-4E5F-9C6A-2D8E7F1B3A4C}.Debug|x86.Build.0 = Debug|Any CPU
		{8A3C4F2E-B1D7-4E5F-9C6A-2D8E7F1B3A4C}.Release|Any CPU.ActiveCfg = Release|Any CPU
		{8A3C4F2E-B1D7-4E5F-9C6A-2D8E7F1B3A4C}.Release|Any CPU.Build.0 = Release|Any CPU
		{8A3C4F2E-B1D7-4E5F-9C6A-2D8E7F1B3A4C}.Release|x64.ActiveCfg = Release|Any CPU
		{8A3C4F2E-B1D7-4E5F-9C6A-2D8E7F1B3A4C}.Release|x64.Build.0 = Release|Any CPU
		{8A3C4F2E-B1D7-4E5F-9C6A-2D8E7F1B3A4C}.Release|x86.ActiveCfg = Release|Any CPU
		{8A3C4F2E-B1D7-4E5F-9C6A-2D8E7F1B3A4C}.Release|x86.Build.0 = Release|Any CPU
	EndGlobalSection
	GlobalSection(SolutionProperties) = preSolution
		HideSolutionNode = FALSE
	EndGlobalSection
	GlobalSection(NestedProjects) = preSolution
		{26638612-7D95-4EE6-B0FB-E71814C4910B} = {0AB3BF05-4346-4AA6-1389-037BE0695223}
		{8A3C4F2E-B1D7-4E5F-9C6A-2D8E7F1B3A4C} = {0AB3BF05-4346-4AA6-1389-037BE0695223}
	EndGlobalSection
EndGlobal
